// !$*UTF8*$!
{
	archiveVersion = 1;
	classes = {
	};
	objectVersion = 77;
	objects = {

/* Begin PBXBuildFile section */
		7A5150DF3655808D90C20921 /* Pods_projectTests.framework in Frameworks */ = {isa = PBXBuildFile; fileRef = 210E9AFAAD1996FF3C07F991 /* Pods_projectTests.framework */; };
		8018E6D17C64BDE022C8FA29 /* Pods_project.framework in Frameworks */ = {isa = PBXBuildFile; fileRef = 9155F16418927421C667026A /* Pods_project.framework */; };
		A66551F4B450E4C57D4B389C /* Pods_project_projectUITests.framework in Frameworks */ = {isa = PBXBuildFile; fileRef = E9A5FBB49337B43267B1183A /* Pods_project_projectUITests.framework */; };
		BA9A862C2D02019C005C0F43 /* FirebaseAnalytics in Frameworks */ = {isa = PBXBuildFile; productRef = BA9A862B2D02019C005C0F43 /* FirebaseAnalytics */; };
		BA9A862E2D02019C005C0F43 /* FirebaseAuth in Frameworks */ = {isa = PBXBuildFile; productRef = BA9A862D2D02019C005C0F43 /* FirebaseAuth */; };
		BA9A86302D02019C005C0F43 /* FirebaseCore in Frameworks */ = {isa = PBXBuildFile; productRef = BA9A862F2D02019C005C0F43 /* FirebaseCore */; };
		BA9A86322D02019C005C0F43 /* FirebaseFirestore in Frameworks */ = {isa = PBXBuildFile; productRef = BA9A86312D02019C005C0F43 /* FirebaseFirestore */; };
		BA9A86342D02019C005C0F43 /* FirebaseInAppMessaging-Beta in Frameworks */ = {isa = PBXBuildFile; productRef = BA9A86332D02019C005C0F43 /* FirebaseInAppMessaging-Beta */; };
		BA9A86362D02019C005C0F43 /* FirebaseMessaging in Frameworks */ = {isa = PBXBuildFile; productRef = BA9A86352D02019C005C0F43 /* FirebaseMessaging */; };
		BA9A86382D02019C005C0F43 /* FirebasePerformance in Frameworks */ = {isa = PBXBuildFile; productRef = BA9A86372D02019C005C0F43 /* FirebasePerformance */; };
/* End PBXBuildFile section */

/* Begin PBXContainerItemProxy section */
		BAAD8F762CDE04EA0024B70C /* PBXContainerItemProxy */ = {
			isa = PBXContainerItemProxy;
			containerPortal = BAAD8F572CDE04E70024B70C /* Project object */;
			proxyType = 1;
			remoteGlobalIDString = BAAD8F5E2CDE04E70024B70C;
			remoteInfo = project;
		};
		BAAD8F802CDE04EA0024B70C /* PBXContainerItemProxy */ = {
			isa = PBXContainerItemProxy;
			containerPortal = BAAD8F572CDE04E70024B70C /* Project object */;
			proxyType = 1;
			remoteGlobalIDString = BAAD8F5E2CDE04E70024B70C;
			remoteInfo = project;
		};
/* End PBXContainerItemProxy section */

/* Begin PBXFileReference section */
		1784432646C859764228031F /* Pods-project-projectUITests.release.xcconfig */ = {isa = PBXFileReference; includeInIndex = 1; lastKnownFileType = text.xcconfig; name = "Pods-project-projectUITests.release.xcconfig"; path = "Target Support Files/Pods-project-projectUITests/Pods-project-projectUITests.release.xcconfig"; sourceTree = "<group>"; };
		210E9AFAAD1996FF3C07F991 /* Pods_projectTests.framework */ = {isa = PBXFileReference; explicitFileType = wrapper.framework; includeInIndex = 0; path = Pods_projectTests.framework; sourceTree = BUILT_PRODUCTS_DIR; };
		3343A5012E4FF98F675AF704 /* Pods-project.release.xcconfig */ = {isa = PBXFileReference; includeInIndex = 1; lastKnownFileType = text.xcconfig; name = "Pods-project.release.xcconfig"; path = "Target Support Files/Pods-project/Pods-project.release.xcconfig"; sourceTree = "<group>"; };
		6E1F0132A0EFB20F0C3F4D37 /* Pods-projectTests.release.xcconfig */ = {isa = PBXFileReference; includeInIndex = 1; lastKnownFileType = text.xcconfig; name = "Pods-projectTests.release.xcconfig"; path = "Target Support Files/Pods-projectTests/Pods-projectTests.release.xcconfig"; sourceTree = "<group>"; };
		906EC9233A90A424D4C34CCF /* Pods-projectTests.debug.xcconfig */ = {isa = PBXFileReference; includeInIndex = 1; lastKnownFileType = text.xcconfig; name = "Pods-projectTests.debug.xcconfig"; path = "Target Support Files/Pods-projectTests/Pods-projectTests.debug.xcconfig"; sourceTree = "<group>"; };
		9155F16418927421C667026A /* Pods_project.framework */ = {isa = PBXFileReference; explicitFileType = wrapper.framework; includeInIndex = 0; path = Pods_project.framework; sourceTree = BUILT_PRODUCTS_DIR; };
		B8C9A2049E150BE04AC0F2E2 /* Pods-project-projectUITests.debug.xcconfig */ = {isa = PBXFileReference; includeInIndex = 1; lastKnownFileType = text.xcconfig; name = "Pods-project-projectUITests.debug.xcconfig"; path = "Target Support Files/Pods-project-projectUITests/Pods-project-projectUITests.debug.xcconfig"; sourceTree = "<group>"; };
		BA44CB262D01929C00FB9E3D /* Accessibility.framework */ = {isa = PBXFileReference; lastKnownFileType = wrapper.framework; name = Accessibility.framework; path = System/Library/Frameworks/Accessibility.framework; sourceTree = SDKROOT; };
		BAAD8F5F2CDE04E70024B70C /* project.app */ = {isa = PBXFileReference; explicitFileType = wrapper.application; includeInIndex = 0; path = project.app; sourceTree = BUILT_PRODUCTS_DIR; };
		BAAD8F752CDE04EA0024B70C /* projectTests.xctest */ = {isa = PBXFileReference; explicitFileType = wrapper.cfbundle; includeInIndex = 0; path = projectTests.xctest; sourceTree = BUILT_PRODUCTS_DIR; };
		BAAD8F7F2CDE04EA0024B70C /* projectUITests.xctest */ = {isa = PBXFileReference; explicitFileType = wrapper.cfbundle; includeInIndex = 0; path = projectUITests.xctest; sourceTree = BUILT_PRODUCTS_DIR; };
		BAB940982CFEF32F00689300 /* FirebaseAnalytics.xcframework */ = {isa = PBXFileReference; lastKnownFileType = wrapper.xcframework; name = FirebaseAnalytics.xcframework; path = Pods/FirebaseAnalytics/Frameworks/FirebaseAnalytics.xcframework; sourceTree = "<group>"; };
		BAB9409A2CFEF33900689300 /* FirebaseAuth.framework */ = {isa = PBXFileReference; explicitFileType = wrapper.framework; path = FirebaseAuth.framework; sourceTree = BUILT_PRODUCTS_DIR; };
		BE5015A773AAF5396521C589 /* Pods-project.debug.xcconfig */ = {isa = PBXFileReference; includeInIndex = 1; lastKnownFileType = text.xcconfig; name = "Pods-project.debug.xcconfig"; path = "Target Support Files/Pods-project/Pods-project.debug.xcconfig"; sourceTree = "<group>"; };
		E9A5FBB49337B43267B1183A /* Pods_project_projectUITests.framework */ = {isa = PBXFileReference; explicitFileType = wrapper.framework; includeInIndex = 0; path = Pods_project_projectUITests.framework; sourceTree = BUILT_PRODUCTS_DIR; };
/* End PBXFileReference section */

/* Begin PBXFileSystemSynchronizedBuildFileExceptionSet section */
		BAAD8F872CDE04EA0024B70C /* Exceptions for "project" folder in "project" target */ = {
			isa = PBXFileSystemSynchronizedBuildFileExceptionSet;
			membershipExceptions = (
				Info.plist,
			);
			target = BAAD8F5E2CDE04E70024B70C /* project */;
		};
/* End PBXFileSystemSynchronizedBuildFileExceptionSet section */

/* Begin PBXFileSystemSynchronizedRootGroup section */
		BAAD8F612CDE04E70024B70C /* project */ = {
			isa = PBXFileSystemSynchronizedRootGroup;
			exceptions = (
				BAAD8F872CDE04EA0024B70C /* Exceptions for "project" folder in "project" target */,
			);
			path = project;
			sourceTree = "<group>";
		};
		BAAD8F782CDE04EA0024B70C /* projectTests */ = {
			isa = PBXFileSystemSynchronizedRootGroup;
			path = projectTests;
			sourceTree = "<group>";
		};
		BAAD8F822CDE04EA0024B70C /* projectUITests */ = {
			isa = PBXFileSystemSynchronizedRootGroup;
			path = projectUITests;
			sourceTree = "<group>";
		};
/* End PBXFileSystemSynchronizedRootGroup section */

/* Begin PBXFrameworksBuildPhase section */
		BAAD8F5C2CDE04E70024B70C /* Frameworks */ = {
			isa = PBXFrameworksBuildPhase;
			buildActionMask = 2147483647;
			files = (
				BA9A862C2D02019C005C0F43 /* FirebaseAnalytics in Frameworks */,
				BA9A862E2D02019C005C0F43 /* FirebaseAuth in Frameworks */,
				BA9A86362D02019C005C0F43 /* FirebaseMessaging in Frameworks */,
				BA9A86302D02019C005C0F43 /* FirebaseCore in Frameworks */,
				BA9A86322D02019C005C0F43 /* FirebaseFirestore in Frameworks */,
				8018E6D17C64BDE022C8FA29 /* Pods_project.framework in Frameworks */,
				BA9A86382D02019C005C0F43 /* FirebasePerformance in Frameworks */,
				BA9A86342D02019C005C0F43 /* FirebaseInAppMessaging-Beta in Frameworks */,
			);
			runOnlyForDeploymentPostprocessing = 0;
		};
		BAAD8F722CDE04EA0024B70C /* Frameworks */ = {
			isa = PBXFrameworksBuildPhase;
			buildActionMask = 2147483647;
			files = (
				7A5150DF3655808D90C20921 /* Pods_projectTests.framework in Frameworks */,
			);
			runOnlyForDeploymentPostprocessing = 0;
		};
		BAAD8F7C2CDE04EA0024B70C /* Frameworks */ = {
			isa = PBXFrameworksBuildPhase;
			buildActionMask = 2147483647;
			files = (
				A66551F4B450E4C57D4B389C /* Pods_project_projectUITests.framework in Frameworks */,
			);
			runOnlyForDeploymentPostprocessing = 0;
		};
/* End PBXFrameworksBuildPhase section */

/* Begin PBXGroup section */
		833E77F2427E6FC8AADF2CFD /* Pods */ = {
			isa = PBXGroup;
			children = (
				BE5015A773AAF5396521C589 /* Pods-project.debug.xcconfig */,
				3343A5012E4FF98F675AF704 /* Pods-project.release.xcconfig */,
				B8C9A2049E150BE04AC0F2E2 /* Pods-project-projectUITests.debug.xcconfig */,
				1784432646C859764228031F /* Pods-project-projectUITests.release.xcconfig */,
				906EC9233A90A424D4C34CCF /* Pods-projectTests.debug.xcconfig */,
				6E1F0132A0EFB20F0C3F4D37 /* Pods-projectTests.release.xcconfig */,
			);
			path = Pods;
			sourceTree = "<group>";
		};
		B1493F640A4E33E4310B9AF1 /* Frameworks */ = {
			isa = PBXGroup;
			children = (
				BA44CB262D01929C00FB9E3D /* Accessibility.framework */,
				BAB9409A2CFEF33900689300 /* FirebaseAuth.framework */,
				BAB940982CFEF32F00689300 /* FirebaseAnalytics.xcframework */,
				9155F16418927421C667026A /* Pods_project.framework */,
				E9A5FBB49337B43267B1183A /* Pods_project_projectUITests.framework */,
				210E9AFAAD1996FF3C07F991 /* Pods_projectTests.framework */,
			);
			name = Frameworks;
			sourceTree = "<group>";
		};
		BAAD8F562CDE04E70024B70C = {
			isa = PBXGroup;
			children = (
				BAAD8F612CDE04E70024B70C /* project */,
				BAAD8F782CDE04EA0024B70C /* projectTests */,
				BAAD8F822CDE04EA0024B70C /* projectUITests */,
				BAAD8F602CDE04E70024B70C /* Products */,
				833E77F2427E6FC8AADF2CFD /* Pods */,
				B1493F640A4E33E4310B9AF1 /* Frameworks */,
			);
			sourceTree = "<group>";
		};
		BAAD8F602CDE04E70024B70C /* Products */ = {
			isa = PBXGroup;
			children = (
				BAAD8F5F2CDE04E70024B70C /* project.app */,
				BAAD8F752CDE04EA0024B70C /* projectTests.xctest */,
				BAAD8F7F2CDE04EA0024B70C /* projectUITests.xctest */,
			);
			name = Products;
			sourceTree = "<group>";
		};
/* End PBXGroup section */

/* Begin PBXNativeTarget section */
		BAAD8F5E2CDE04E70024B70C /* project */ = {
			isa = PBXNativeTarget;
			buildConfigurationList = BAAD8F882CDE04EA0024B70C /* Build configuration list for PBXNativeTarget "project" */;
			buildPhases = (
				34D20F98DD80CEB71428D23B /* [CP] Check Pods Manifest.lock */,
				BAAD8F5B2CDE04E70024B70C /* Sources */,
				BAAD8F5C2CDE04E70024B70C /* Frameworks */,
				BAAD8F5D2CDE04E70024B70C /* Resources */,
			);
			buildRules = (
			);
			dependencies = (
			);
			fileSystemSynchronizedGroups = (
				BAAD8F612CDE04E70024B70C /* project */,
			);
			name = project;
			productName = project;
			productReference = BAAD8F5F2CDE04E70024B70C /* project.app */;
			productType = "com.apple.product-type.application";
		};
		BAAD8F742CDE04EA0024B70C /* projectTests */ = {
			isa = PBXNativeTarget;
			buildConfigurationList = BAAD8F8D2CDE04EA0024B70C /* Build configuration list for PBXNativeTarget "projectTests" */;
			buildPhases = (
				B462F553317A50506F74F7D1 /* [CP] Check Pods Manifest.lock */,
				BAAD8F712CDE04EA0024B70C /* Sources */,
				BAAD8F722CDE04EA0024B70C /* Frameworks */,
				BAAD8F732CDE04EA0024B70C /* Resources */,
			);
			buildRules = (
			);
			dependencies = (
				BAAD8F772CDE04EA0024B70C /* PBXTargetDependency */,
			);
			fileSystemSynchronizedGroups = (
				BAAD8F782CDE04EA0024B70C /* projectTests */,
			);
			name = projectTests;
			productName = projectTests;
			productReference = BAAD8F752CDE04EA0024B70C /* projectTests.xctest */;
			productType = "com.apple.product-type.bundle.unit-test";
		};
		BAAD8F7E2CDE04EA0024B70C /* projectUITests */ = {
			isa = PBXNativeTarget;
			buildConfigurationList = BAAD8F902CDE04EA0024B70C /* Build configuration list for PBXNativeTarget "projectUITests" */;
			buildPhases = (
				EAE6DABCF9F41D8A5D80F6A6 /* [CP] Check Pods Manifest.lock */,
				BAAD8F7B2CDE04EA0024B70C /* Sources */,
				BAAD8F7C2CDE04EA0024B70C /* Frameworks */,
				BAAD8F7D2CDE04EA0024B70C /* Resources */,
			);
			buildRules = (
			);
			dependencies = (
				BAAD8F812CDE04EA0024B70C /* PBXTargetDependency */,
			);
			fileSystemSynchronizedGroups = (
				BAAD8F822CDE04EA0024B70C /* projectUITests */,
			);
			name = projectUITests;
			productName = projectUITests;
			productReference = BAAD8F7F2CDE04EA0024B70C /* projectUITests.xctest */;
			productType = "com.apple.product-type.bundle.ui-testing";
		};
/* End PBXNativeTarget section */

/* Begin PBXProject section */
		BAAD8F572CDE04E70024B70C /* Project object */ = {
			isa = PBXProject;
			attributes = {
				BuildIndependentTargetsInParallel = 1;
				LastSwiftUpdateCheck = 1600;
				LastUpgradeCheck = 1600;
				TargetAttributes = {
					BAAD8F5E2CDE04E70024B70C = {
						CreatedOnToolsVersion = 16.0;
					};
					BAAD8F742CDE04EA0024B70C = {
						CreatedOnToolsVersion = 16.0;
						TestTargetID = BAAD8F5E2CDE04E70024B70C;
					};
					BAAD8F7E2CDE04EA0024B70C = {
						CreatedOnToolsVersion = 16.0;
						TestTargetID = BAAD8F5E2CDE04E70024B70C;
					};
				};
			};
			buildConfigurationList = BAAD8F5A2CDE04E70024B70C /* Build configuration list for PBXProject "project" */;
			developmentRegion = en;
			hasScannedForEncodings = 0;
			knownRegions = (
				en,
				Base,
			);
			mainGroup = BAAD8F562CDE04E70024B70C;
			minimizedProjectReferenceProxies = 1;
			packageReferences = (
				BA5C7FBA2CFF3BFE001B90C0 /* XCRemoteSwiftPackageReference "firebase-ios-sdk" */,
			);
			preferredProjectObjectVersion = 77;
			productRefGroup = BAAD8F602CDE04E70024B70C /* Products */;
			projectDirPath = "";
			projectRoot = "";
			targets = (
				BAAD8F5E2CDE04E70024B70C /* project */,
				BAAD8F742CDE04EA0024B70C /* projectTests */,
				BAAD8F7E2CDE04EA0024B70C /* projectUITests */,
			);
		};
/* End PBXProject section */

/* Begin PBXResourcesBuildPhase section */
		BAAD8F5D2CDE04E70024B70C /* Resources */ = {
			isa = PBXResourcesBuildPhase;
			buildActionMask = 2147483647;
			files = (
			);
			runOnlyForDeploymentPostprocessing = 0;
		};
		BAAD8F732CDE04EA0024B70C /* Resources */ = {
			isa = PBXResourcesBuildPhase;
			buildActionMask = 2147483647;
			files = (
			);
			runOnlyForDeploymentPostprocessing = 0;
		};
		BAAD8F7D2CDE04EA0024B70C /* Resources */ = {
			isa = PBXResourcesBuildPhase;
			buildActionMask = 2147483647;
			files = (
			);
			runOnlyForDeploymentPostprocessing = 0;
		};
/* End PBXResourcesBuildPhase section */

/* Begin PBXShellScriptBuildPhase section */
		34D20F98DD80CEB71428D23B /* [CP] Check Pods Manifest.lock */ = {
			isa = PBXShellScriptBuildPhase;
			buildActionMask = 2147483647;
			files = (
			);
			inputFileListPaths = (
			);
			inputPaths = (
				"${PODS_PODFILE_DIR_PATH}/Podfile.lock",
				"${PODS_ROOT}/Manifest.lock",
			);
			name = "[CP] Check Pods Manifest.lock";
			outputFileListPaths = (
			);
			outputPaths = (
				"$(DERIVED_FILE_DIR)/Pods-project-checkManifestLockResult.txt",
			);
			runOnlyForDeploymentPostprocessing = 0;
			shellPath = /bin/sh;
			shellScript = "diff \"${PODS_PODFILE_DIR_PATH}/Podfile.lock\" \"${PODS_ROOT}/Manifest.lock\" > /dev/null\nif [ $? != 0 ] ; then\n    # print error to STDERR\n    echo \"error: The sandbox is not in sync with the Podfile.lock. Run 'pod install' or update your CocoaPods installation.\" >&2\n    exit 1\nfi\n# This output is used by Xcode 'outputs' to avoid re-running this script phase.\necho \"SUCCESS\" > \"${SCRIPT_OUTPUT_FILE_0}\"\n";
			showEnvVarsInLog = 0;
		};
		B462F553317A50506F74F7D1 /* [CP] Check Pods Manifest.lock */ = {
			isa = PBXShellScriptBuildPhase;
			buildActionMask = 2147483647;
			files = (
			);
			inputFileListPaths = (
			);
			inputPaths = (
				"${PODS_PODFILE_DIR_PATH}/Podfile.lock",
				"${PODS_ROOT}/Manifest.lock",
			);
			name = "[CP] Check Pods Manifest.lock";
			outputFileListPaths = (
			);
			outputPaths = (
				"$(DERIVED_FILE_DIR)/Pods-projectTests-checkManifestLockResult.txt",
			);
			runOnlyForDeploymentPostprocessing = 0;
			shellPath = /bin/sh;
			shellScript = "diff \"${PODS_PODFILE_DIR_PATH}/Podfile.lock\" \"${PODS_ROOT}/Manifest.lock\" > /dev/null\nif [ $? != 0 ] ; then\n    # print error to STDERR\n    echo \"error: The sandbox is not in sync with the Podfile.lock. Run 'pod install' or update your CocoaPods installation.\" >&2\n    exit 1\nfi\n# This output is used by Xcode 'outputs' to avoid re-running this script phase.\necho \"SUCCESS\" > \"${SCRIPT_OUTPUT_FILE_0}\"\n";
			showEnvVarsInLog = 0;
		};
		EAE6DABCF9F41D8A5D80F6A6 /* [CP] Check Pods Manifest.lock */ = {
			isa = PBXShellScriptBuildPhase;
			buildActionMask = 2147483647;
			files = (
			);
			inputFileListPaths = (
			);
			inputPaths = (
				"${PODS_PODFILE_DIR_PATH}/Podfile.lock",
				"${PODS_ROOT}/Manifest.lock",
			);
			name = "[CP] Check Pods Manifest.lock";
			outputFileListPaths = (
			);
			outputPaths = (
				"$(DERIVED_FILE_DIR)/Pods-project-projectUITests-checkManifestLockResult.txt",
			);
			runOnlyForDeploymentPostprocessing = 0;
			shellPath = /bin/sh;
			shellScript = "diff \"${PODS_PODFILE_DIR_PATH}/Podfile.lock\" \"${PODS_ROOT}/Manifest.lock\" > /dev/null\nif [ $? != 0 ] ; then\n    # print error to STDERR\n    echo \"error: The sandbox is not in sync with the Podfile.lock. Run 'pod install' or update your CocoaPods installation.\" >&2\n    exit 1\nfi\n# This output is used by Xcode 'outputs' to avoid re-running this script phase.\necho \"SUCCESS\" > \"${SCRIPT_OUTPUT_FILE_0}\"\n";
			showEnvVarsInLog = 0;
		};
/* End PBXShellScriptBuildPhase section */

/* Begin PBXSourcesBuildPhase section */
		BAAD8F5B2CDE04E70024B70C /* Sources */ = {
			isa = PBXSourcesBuildPhase;
			buildActionMask = 2147483647;
			files = (
			);
			runOnlyForDeploymentPostprocessing = 0;
		};
		BAAD8F712CDE04EA0024B70C /* Sources */ = {
			isa = PBXSourcesBuildPhase;
			buildActionMask = 2147483647;
			files = (
			);
			runOnlyForDeploymentPostprocessing = 0;
		};
		BAAD8F7B2CDE04EA0024B70C /* Sources */ = {
			isa = PBXSourcesBuildPhase;
			buildActionMask = 2147483647;
			files = (
			);
			runOnlyForDeploymentPostprocessing = 0;
		};
/* End PBXSourcesBuildPhase section */

/* Begin PBXTargetDependency section */
		BAAD8F772CDE04EA0024B70C /* PBXTargetDependency */ = {
			isa = PBXTargetDependency;
			target = BAAD8F5E2CDE04E70024B70C /* project */;
			targetProxy = BAAD8F762CDE04EA0024B70C /* PBXContainerItemProxy */;
		};
		BAAD8F812CDE04EA0024B70C /* PBXTargetDependency */ = {
			isa = PBXTargetDependency;
			target = BAAD8F5E2CDE04E70024B70C /* project */;
			targetProxy = BAAD8F802CDE04EA0024B70C /* PBXContainerItemProxy */;
		};
/* End PBXTargetDependency section */

/* Begin XCBuildConfiguration section */
		BAAD8F892CDE04EA0024B70C /* Debug */ = {
			isa = XCBuildConfiguration;
			baseConfigurationReference = BE5015A773AAF5396521C589 /* Pods-project.debug.xcconfig */;
			buildSettings = {
				ASSETCATALOG_COMPILER_APPICON_NAME = AppIcon;
				ASSETCATALOG_COMPILER_GLOBAL_ACCENT_COLOR_NAME = AccentColor;
				CLANG_ENABLE_MODULES = YES;
				CODE_SIGN_IDENTITY = "Apple Development";
				CODE_SIGN_STYLE = Automatic;
				CURRENT_PROJECT_VERSION = 1;
				DEVELOPMENT_TEAM = PYN8D46T4V;
				ENABLE_USER_SCRIPT_SANDBOXING = NO;
				GENERATE_INFOPLIST_FILE = YES;
				INFOPLIST_FILE = project/Info.plist;
				INFOPLIST_KEY_UIApplicationSupportsIndirectInputEvents = YES;
				INFOPLIST_KEY_UILaunchStoryboardName = LaunchScreen;
				INFOPLIST_KEY_UIMainStoryboardFile = Main;
				INFOPLIST_KEY_UISupportedInterfaceOrientations_iPad = "UIInterfaceOrientationPortrait UIInterfaceOrientationPortraitUpsideDown UIInterfaceOrientationLandscapeLeft UIInterfaceOrientationLandscapeRight";
				INFOPLIST_KEY_UISupportedInterfaceOrientations_iPhone = "UIInterfaceOrientationPortrait UIInterfaceOrientationLandscapeLeft UIInterfaceOrientationLandscapeRight";
				IPHONEOS_DEPLOYMENT_TARGET = 17.6;
				LD_RUNPATH_SEARCH_PATHS = (
					"$(inherited)",
					"@executable_path/Frameworks",
				);
				MARKETING_VERSION = 1.0;
				PRODUCT_BUNDLE_IDENTIFIER = "xCresselia.Safe-Zone.project";
				PRODUCT_NAME = "$(TARGET_NAME)";
				PROVISIONING_PROFILE_SPECIFIER = "";
				SWIFT_EMIT_LOC_STRINGS = YES;
				SWIFT_VERSION = 5.0;
				TARGETED_DEVICE_FAMILY = "1,2";
			};
			name = Debug;
		};
		BAAD8F8A2CDE04EA0024B70C /* Release */ = {
			isa = XCBuildConfiguration;
			baseConfigurationReference = 3343A5012E4FF98F675AF704 /* Pods-project.release.xcconfig */;
			buildSettings = {
				ASSETCATALOG_COMPILER_APPICON_NAME = AppIcon;
				ASSETCATALOG_COMPILER_GLOBAL_ACCENT_COLOR_NAME = AccentColor;
				CLANG_ENABLE_MODULES = YES;
				CODE_SIGN_IDENTITY = "Apple Development";
				CODE_SIGN_STYLE = Automatic;
				CURRENT_PROJECT_VERSION = 1;
				DEVELOPMENT_TEAM = PYN8D46T4V;
				ENABLE_USER_SCRIPT_SANDBOXING = NO;
				GENERATE_INFOPLIST_FILE = YES;
				INFOPLIST_FILE = project/Info.plist;
				INFOPLIST_KEY_UIApplicationSupportsIndirectInputEvents = YES;
				INFOPLIST_KEY_UILaunchStoryboardName = LaunchScreen;
				INFOPLIST_KEY_UIMainStoryboardFile = Main;
				INFOPLIST_KEY_UISupportedInterfaceOrientations_iPad = "UIInterfaceOrientationPortrait UIInterfaceOrientationPortraitUpsideDown UIInterfaceOrientationLandscapeLeft UIInterfaceOrientationLandscapeRight";
				INFOPLIST_KEY_UISupportedInterfaceOrientations_iPhone = "UIInterfaceOrientationPortrait UIInterfaceOrientationLandscapeLeft UIInterfaceOrientationLandscapeRight";
				IPHONEOS_DEPLOYMENT_TARGET = 17.6;
				LD_RUNPATH_SEARCH_PATHS = (
					"$(inherited)",
					"@executable_path/Frameworks",
				);
				MARKETING_VERSION = 1.0;
				PRODUCT_BUNDLE_IDENTIFIER = "xCresselia.Safe-Zone.project";
				PRODUCT_NAME = "$(TARGET_NAME)";
				PROVISIONING_PROFILE_SPECIFIER = "";
				SWIFT_EMIT_LOC_STRINGS = YES;
				SWIFT_VERSION = 5.0;
				TARGETED_DEVICE_FAMILY = "1,2";
			};
			name = Release;
		};
		BAAD8F8B2CDE04EA0024B70C /* Debug */ = {
			isa = XCBuildConfiguration;
			buildSettings = {
				ALWAYS_SEARCH_USER_PATHS = NO;
				ASSETCATALOG_COMPILER_GENERATE_SWIFT_ASSET_SYMBOL_EXTENSIONS = YES;
				CLANG_ANALYZER_NONNULL = YES;
				CLANG_ANALYZER_NUMBER_OBJECT_CONVERSION = YES_AGGRESSIVE;
				CLANG_CXX_LANGUAGE_STANDARD = "gnu++20";
				CLANG_ENABLE_MODULES = YES;
				CLANG_ENABLE_OBJC_ARC = YES;
				CLANG_ENABLE_OBJC_WEAK = YES;
				CLANG_WARN_BLOCK_CAPTURE_AUTORELEASING = YES;
				CLANG_WARN_BOOL_CONVERSION = YES;
				CLANG_WARN_COMMA = YES;
				CLANG_WARN_CONSTANT_CONVERSION = YES;
				CLANG_WARN_DEPRECATED_OBJC_IMPLEMENTATIONS = YES;
				CLANG_WARN_DIRECT_OBJC_ISA_USAGE = YES_ERROR;
				CLANG_WARN_DOCUMENTATION_COMMENTS = YES;
				CLANG_WARN_EMPTY_BODY = YES;
				CLANG_WARN_ENUM_CONVERSION = YES;
				CLANG_WARN_INFINITE_RECURSION = YES;
				CLANG_WARN_INT_CONVERSION = YES;
				CLANG_WARN_NON_LITERAL_NULL_CONVERSION = YES;
				CLANG_WARN_OBJC_IMPLICIT_RETAIN_SELF = YES;
				CLANG_WARN_OBJC_LITERAL_CONVERSION = YES;
				CLANG_WARN_OBJC_ROOT_CLASS = YES_ERROR;
				CLANG_WARN_QUOTED_INCLUDE_IN_FRAMEWORK_HEADER = YES;
				CLANG_WARN_RANGE_LOOP_ANALYSIS = YES;
				CLANG_WARN_STRICT_PROTOTYPES = YES;
				CLANG_WARN_SUSPICIOUS_MOVE = YES;
				CLANG_WARN_UNGUARDED_AVAILABILITY = YES_AGGRESSIVE;
				CLANG_WARN_UNREACHABLE_CODE = YES;
				CLANG_WARN__DUPLICATE_METHOD_MATCH = YES;
				COPY_PHASE_STRIP = NO;
				DEBUG_INFORMATION_FORMAT = dwarf;
				ENABLE_STRICT_OBJC_MSGSEND = YES;
				ENABLE_TESTABILITY = YES;
				ENABLE_USER_SCRIPT_SANDBOXING = YES;
				GCC_C_LANGUAGE_STANDARD = gnu17;
				GCC_DYNAMIC_NO_PIC = NO;
				GCC_NO_COMMON_BLOCKS = YES;
				GCC_OPTIMIZATION_LEVEL = 0;
				GCC_PREPROCESSOR_DEFINITIONS = (
					"DEBUG=1",
					"$(inherited)",
				);
				GCC_WARN_64_TO_32_BIT_CONVERSION = YES;
				GCC_WARN_ABOUT_RETURN_TYPE = YES_ERROR;
				GCC_WARN_UNDECLARED_SELECTOR = YES;
				GCC_WARN_UNINITIALIZED_AUTOS = YES_AGGRESSIVE;
				GCC_WARN_UNUSED_FUNCTION = YES;
				GCC_WARN_UNUSED_VARIABLE = YES;
				IPHONEOS_DEPLOYMENT_TARGET = 18.0;
				LOCALIZATION_PREFERS_STRING_CATALOGS = YES;
				MTL_ENABLE_DEBUG_INFO = INCLUDE_SOURCE;
				MTL_FAST_MATH = YES;
				ONLY_ACTIVE_ARCH = YES;
				SDKROOT = iphoneos;
				SWIFT_ACTIVE_COMPILATION_CONDITIONS = "DEBUG $(inherited)";
				SWIFT_OPTIMIZATION_LEVEL = "-Onone";
			};
			name = Debug;
		};
		BAAD8F8C2CDE04EA0024B70C /* Release */ = {
			isa = XCBuildConfiguration;
			buildSettings = {
				ALWAYS_SEARCH_USER_PATHS = NO;
				ASSETCATALOG_COMPILER_GENERATE_SWIFT_ASSET_SYMBOL_EXTENSIONS = YES;
				CLANG_ANALYZER_NONNULL = YES;
				CLANG_ANALYZER_NUMBER_OBJECT_CONVERSION = YES_AGGRESSIVE;
				CLANG_CXX_LANGUAGE_STANDARD = "gnu++20";
				CLANG_ENABLE_MODULES = YES;
				CLANG_ENABLE_OBJC_ARC = YES;
				CLANG_ENABLE_OBJC_WEAK = YES;
				CLANG_WARN_BLOCK_CAPTURE_AUTORELEASING = YES;
				CLANG_WARN_BOOL_CONVERSION = YES;
				CLANG_WARN_COMMA = YES;
				CLANG_WARN_CONSTANT_CONVERSION = YES;
				CLANG_WARN_DEPRECATED_OBJC_IMPLEMENTATIONS = YES;
				CLANG_WARN_DIRECT_OBJC_ISA_USAGE = YES_ERROR;
				CLANG_WARN_DOCUMENTATION_COMMENTS = YES;
				CLANG_WARN_EMPTY_BODY = YES;
				CLANG_WARN_ENUM_CONVERSION = YES;
				CLANG_WARN_INFINITE_RECURSION = YES;
				CLANG_WARN_INT_CONVERSION = YES;
				CLANG_WARN_NON_LITERAL_NULL_CONVERSION = YES;
				CLANG_WARN_OBJC_IMPLICIT_RETAIN_SELF = YES;
				CLANG_WARN_OBJC_LITERAL_CONVERSION = YES;
				CLANG_WARN_OBJC_ROOT_CLASS = YES_ERROR;
				CLANG_WARN_QUOTED_INCLUDE_IN_FRAMEWORK_HEADER = YES;
				CLANG_WARN_RANGE_LOOP_ANALYSIS = YES;
				CLANG_WARN_STRICT_PROTOTYPES = YES;
				CLANG_WARN_SUSPICIOUS_MOVE = YES;
				CLANG_WARN_UNGUARDED_AVAILABILITY = YES_AGGRESSIVE;
				CLANG_WARN_UNREACHABLE_CODE = YES;
				CLANG_WARN__DUPLICATE_METHOD_MATCH = YES;
				COPY_PHASE_STRIP = NO;
				DEBUG_INFORMATION_FORMAT = "dwarf-with-dsym";
				ENABLE_NS_ASSERTIONS = NO;
				ENABLE_STRICT_OBJC_MSGSEND = YES;
				ENABLE_USER_SCRIPT_SANDBOXING = YES;
				GCC_C_LANGUAGE_STANDARD = gnu17;
				GCC_NO_COMMON_BLOCKS = YES;
				GCC_WARN_64_TO_32_BIT_CONVERSION = YES;
				GCC_WARN_ABOUT_RETURN_TYPE = YES_ERROR;
				GCC_WARN_UNDECLARED_SELECTOR = YES;
				GCC_WARN_UNINITIALIZED_AUTOS = YES_AGGRESSIVE;
				GCC_WARN_UNUSED_FUNCTION = YES;
				GCC_WARN_UNUSED_VARIABLE = YES;
				IPHONEOS_DEPLOYMENT_TARGET = 18.0;
				LOCALIZATION_PREFERS_STRING_CATALOGS = YES;
				MTL_ENABLE_DEBUG_INFO = NO;
				MTL_FAST_MATH = YES;
				SDKROOT = iphoneos;
				SWIFT_COMPILATION_MODE = wholemodule;
				VALIDATE_PRODUCT = YES;
			};
			name = Release;
		};
		BAAD8F8E2CDE04EA0024B70C /* Debug */ = {
			isa = XCBuildConfiguration;
			baseConfigurationReference = 906EC9233A90A424D4C34CCF /* Pods-projectTests.debug.xcconfig */;
			buildSettings = {
				BUNDLE_LOADER = "$(TEST_HOST)";
				CODE_SIGN_STYLE = Automatic;
				CURRENT_PROJECT_VERSION = 1;
				GENERATE_INFOPLIST_FILE = YES;
				IPHONEOS_DEPLOYMENT_TARGET = 18.0;
				MARKETING_VERSION = 1.0;
				PRODUCT_BUNDLE_IDENTIFIER = boss.projectTests;
				PRODUCT_NAME = "$(TARGET_NAME)";
				SWIFT_EMIT_LOC_STRINGS = NO;
				SWIFT_VERSION = 5.0;
				TARGETED_DEVICE_FAMILY = "1,2";
				TEST_HOST = "$(BUILT_PRODUCTS_DIR)/project.app/$(BUNDLE_EXECUTABLE_FOLDER_PATH)/project";
			};
			name = Debug;
		};
		BAAD8F8F2CDE04EA0024B70C /* Release */ = {
			isa = XCBuildConfiguration;
			baseConfigurationReference = 6E1F0132A0EFB20F0C3F4D37 /* Pods-projectTests.release.xcconfig */;
			buildSettings = {
				BUNDLE_LOADER = "$(TEST_HOST)";
				CODE_SIGN_STYLE = Automatic;
				CURRENT_PROJECT_VERSION = 1;
				GENERATE_INFOPLIST_FILE = YES;
				IPHONEOS_DEPLOYMENT_TARGET = 18.0;
				MARKETING_VERSION = 1.0;
				PRODUCT_BUNDLE_IDENTIFIER = boss.projectTests;
				PRODUCT_NAME = "$(TARGET_NAME)";
				SWIFT_EMIT_LOC_STRINGS = NO;
				SWIFT_VERSION = 5.0;
				TARGETED_DEVICE_FAMILY = "1,2";
				TEST_HOST = "$(BUILT_PRODUCTS_DIR)/project.app/$(BUNDLE_EXECUTABLE_FOLDER_PATH)/project";
			};
			name = Release;
		};
		BAAD8F912CDE04EA0024B70C /* Debug */ = {
			isa = XCBuildConfiguration;
			baseConfigurationReference = B8C9A2049E150BE04AC0F2E2 /* Pods-project-projectUITests.debug.xcconfig */;
			buildSettings = {
				CODE_SIGN_STYLE = Automatic;
				CURRENT_PROJECT_VERSION = 1;
				GENERATE_INFOPLIST_FILE = YES;
				MARKETING_VERSION = 1.0;
				PRODUCT_BUNDLE_IDENTIFIER = boss.projectUITests;
				PRODUCT_NAME = "$(TARGET_NAME)";
				SWIFT_EMIT_LOC_STRINGS = NO;
				SWIFT_VERSION = 5.0;
				TARGETED_DEVICE_FAMILY = "1,2";
				TEST_TARGET_NAME = project;
			};
			name = Debug;
		};
		BAAD8F922CDE04EA0024B70C /* Release */ = {
			isa = XCBuildConfiguration;
			baseConfigurationReference = 1784432646C859764228031F /* Pods-project-projectUITests.release.xcconfig */;
			buildSettings = {
				CODE_SIGN_STYLE = Automatic;
				CURRENT_PROJECT_VERSION = 1;
				GENERATE_INFOPLIST_FILE = YES;
				MARKETING_VERSION = 1.0;
				PRODUCT_BUNDLE_IDENTIFIER = boss.projectUITests;
				PRODUCT_NAME = "$(TARGET_NAME)";
				SWIFT_EMIT_LOC_STRINGS = NO;
				SWIFT_VERSION = 5.0;
				TARGETED_DEVICE_FAMILY = "1,2";
				TEST_TARGET_NAME = project;
			};
			name = Release;
		};
/* End XCBuildConfiguration section */

/* Begin XCConfigurationList section */
		BAAD8F5A2CDE04E70024B70C /* Build configuration list for PBXProject "project" */ = {
			isa = XCConfigurationList;
			buildConfigurations = (
				BAAD8F8B2CDE04EA0024B70C /* Debug */,
				BAAD8F8C2CDE04EA0024B70C /* Release */,
			);
			defaultConfigurationIsVisible = 0;
			defaultConfigurationName = Release;
		};
		BAAD8F882CDE04EA0024B70C /* Build configuration list for PBXNativeTarget "project" */ = {
			isa = XCConfigurationList;
			buildConfigurations = (
				BAAD8F892CDE04EA0024B70C /* Debug */,
				BAAD8F8A2CDE04EA0024B70C /* Release */,
			);
			defaultConfigurationIsVisible = 0;
			defaultConfigurationName = Release;
		};
		BAAD8F8D2CDE04EA0024B70C /* Build configuration list for PBXNativeTarget "projectTests" */ = {
			isa = XCConfigurationList;
			buildConfigurations = (
				BAAD8F8E2CDE04EA0024B70C /* Debug */,
				BAAD8F8F2CDE04EA0024B70C /* Release */,
			);
			defaultConfigurationIsVisible = 0;
			defaultConfigurationName = Release;
		};
		BAAD8F902CDE04EA0024B70C /* Build configuration list for PBXNativeTarget "projectUITests" */ = {
			isa = XCConfigurationList;
			buildConfigurations = (
				BAAD8F912CDE04EA0024B70C /* Debug */,
				BAAD8F922CDE04EA0024B70C /* Release */,
			);
			defaultConfigurationIsVisible = 0;
			defaultConfigurationName = Release;
		};
/* End XCConfigurationList section */

/* Begin XCRemoteSwiftPackageReference section */
		BA5C7FBA2CFF3BFE001B90C0 /* XCRemoteSwiftPackageReference "firebase-ios-sdk" */ = {
			isa = XCRemoteSwiftPackageReference;
			repositoryURL = "https://github.com/firebase/firebase-ios-sdk";
			requirement = {
				kind = upToNextMajorVersion;
				minimumVersion = 11.5.0;
			};
		};
/* End XCRemoteSwiftPackageReference section */

/* Begin XCSwiftPackageProductDependency section */
		BA9A862B2D02019C005C0F43 /* FirebaseAnalytics */ = {
			isa = XCSwiftPackageProductDependency;
			productName = FirebaseAnalytics;
		};
		BA9A862D2D02019C005C0F43 /* FirebaseAuth */ = {
			isa = XCSwiftPackageProductDependency;
			productName = FirebaseAuth;
		};
		BA9A862F2D02019C005C0F43 /* FirebaseCore */ = {
			isa = XCSwiftPackageProductDependency;
			productName = FirebaseCore;
		};
		BA9A86312D02019C005C0F43 /* FirebaseFirestore */ = {
			isa = XCSwiftPackageProductDependency;
			productName = FirebaseFirestore;
		};
		BA9A86332D02019C005C0F43 /* FirebaseInAppMessaging-Beta */ = {
			isa = XCSwiftPackageProductDependency;
			productName = "FirebaseInAppMessaging-Beta";
		};
		BA9A86352D02019C005C0F43 /* FirebaseMessaging */ = {
			isa = XCSwiftPackageProductDependency;
			productName = FirebaseMessaging;
		};
		BA9A86372D02019C005C0F43 /* FirebasePerformance */ = {
			isa = XCSwiftPackageProductDependency;
			productName = FirebasePerformance;
		};
/* End XCSwiftPackageProductDependency section */
	};
	rootObject = BAAD8F572CDE04E70024B70C /* Project object */;
}
